
Microsoft Visual Studio Solution File, Format Version 12.00
# Visual Studio Version 16
VisualStudioVersion = 16.0.29728.190
MinimumVisualStudioVersion = 10.0.40219.1
Project("{FAE04EC0-301F-11D3-BF4B-00C04F79EFBC}") = "PigDiceProject", "PigDiceProject\PigDiceProject.csproj", "{7F64C858-F400-4CE9-BB4D-56D6A58BB96F}"
EndProject
Global
	GlobalSection(SolutionConfigurationPlatforms) = preSolution
		Debug|Any CPU = Debug|Any CPU
		Release|Any CPU = Release|Any CPU
	EndGlobalSection
	GlobalSection(ProjectConfigurationPlatforms) = postSolution
		{7F64C858-F400-4CE9-BB4D-56D6A58BB96F}.Debug|Any CPU.ActiveCfg = Debug|Any CPU
		{7F64C858-F400-4CE9-BB4D-56D6A58BB96F}.Debug|Any CPU.Build.0 = Debug|Any CPU
		{7F64C858-F400-4CE9-BB4D-56D6A58BB96F}.Release|Any CPU.ActiveCfg = Release|Any CPU
		{7F64C858-F400-4CE9-BB4D-56D6A58BB96F}.Release|Any CPU.Build.0 = Release|Any CPU
	EndGlobalSection
	GlobalSection(SolutionProperties) = preSolution
		HideSolutionNode = FALSE
	EndGlobalSection
	GlobalSection(ExtensibilityGlobals) = postSolution
		SolutionGuid = {5FA8A4C9-32A0-414F-8A68-DEE71782E1C2}
	EndGlobalSection
EndGlobal
